
Microsoft Visual Studio Solution File, Format Version 12.00
# Visual Studio Version 17
VisualStudioVersion = 17.4.33213.308
MinimumVisualStudioVersion = 10.0.40219.1
Project("{FAE04EC0-301F-11D3-BF4B-00C04F79EFBC}") = "ddcMasterMvc", "ddcMasterMvc\ddcMasterMvc.csproj", "{05E99F4C-EB71-433B-9F89-3B3EB0AA99B9}"
EndProject
Global
	GlobalSection(SolutionConfigurationPlatforms) = preSolution
		Debug|Any CPU = Debug|Any CPU
		Release|Any CPU = Release|Any CPU
	EndGlobalSection
	GlobalSection(ProjectConfigurationPlatforms) = postSolution
		{05E99F4C-EB71-433B-9F89-3B3EB0AA99B9}.Debug|Any CPU.ActiveCfg = Debug|Any CPU
		{05E99F4C-EB71-433B-9F89-3B3EB0AA99B9}.Debug|Any CPU.Build.0 = Debug|Any CPU
		{05E99F4C-EB71-433B-9F89-3B3EB0AA99B9}.Release|Any CPU.ActiveCfg = Release|Any CPU
		{05E99F4C-EB71-433B-9F89-3B3EB0AA99B9}.Release|Any CPU.Build.0 = Release|Any CPU
	EndGlobalSection
	GlobalSection(SolutionProperties) = preSolution
		HideSolutionNode = FALSE
	EndGlobalSection
	GlobalSection(ExtensibilityGlobals) = postSolution
		SolutionGuid = {270ED1B3-43E1-4223-96F6-1285CCEC2171}
	EndGlobalSection
EndGlobal
